
Microsoft Visual Studio Solution File, Format Version 12.00
# Visual Studio Version 16
VisualStudioVersion = 16.0.32630.194
MinimumVisualStudioVersion = 10.0.40219.1
Project("{FAE04EC0-301F-11D3-BF4B-00C04F79EFBC}") = "DropDownList_MVC", "DropDownList_MVC\DropDownList_MVC.csproj", "{A1B6111A-75F1-4035-B0BE-22314D734BFF}"
EndProject
Global
	GlobalSection(SolutionConfigurationPlatforms) = preSolution
		Debug|Any CPU = Debug|Any CPU
		Release|Any CPU = Release|Any CPU
	EndGlobalSection
	GlobalSection(ProjectConfigurationPlatforms) = postSolution
		{A1B6111A-75F1-4035-B0BE-22314D734BFF}.Debug|Any CPU.ActiveCfg = Debug|Any CPU
		{A1B6111A-75F1-4035-B0BE-22314D734BFF}.Debug|Any CPU.Build.0 = Debug|Any CPU
		{A1B6111A-75F1-4035-B0BE-22314D734BFF}.Release|Any CPU.ActiveCfg = Release|Any CPU
		{A1B6111A-75F1-4035-B0BE-22314D734BFF}.Release|Any CPU.Build.0 = Release|Any CPU
	EndGlobalSection
	GlobalSection(SolutionProperties) = preSolution
		HideSolutionNode = FALSE
	EndGlobalSection
	GlobalSection(ExtensibilityGlobals) = postSolution
		SolutionGuid = {CFE3EF0B-D767-4D8C-8760-E0D44F069871}
	EndGlobalSection
EndGlobal
